# Generated by pub
# See http://pub.dartlang.org/doc/glossary.html#lockfile
packages:
  analyzer:
    description:
      name: analyzer
      url: "https://pub.dartlang.org"
    source: hosted
    version: "0.30.0+4"
  args:
    description:
      name: args
      url: "https://pub.dartlang.org"
    source: hosted
    version: "0.13.7"
  async:
    description:
      name: async
      url: "https://pub.dartlang.org"
    source: hosted
    version: "2.0.1"
  charcode:
    description:
      name: charcode
      url: "https://pub.dartlang.org"
    source: hosted
    version: "1.1.1"
  cli_util:
    description:
      name: cli_util
      url: "https://pub.dartlang.org"
    source: hosted
    version: "0.1.2+1"
  collection:
    description:
      name: collection
      url: "https://pub.dartlang.org"
    source: hosted
    version: "1.13.0"
  convert:
    description:
      name: convert
      url: "https://pub.dartlang.org"
    source: hosted
    version: "2.0.1"
  crypto:
    description:
      name: crypto
      url: "https://pub.dartlang.org"
    source: hosted
    version: "2.0.2+1"
  csslib:
    description:
      name: csslib
      url: "https://pub.dartlang.org"
    source: hosted
    version: "0.14.1"
  dart_style:
    description:
      name: dart_style
      url: "https://pub.dartlang.org"
    source: hosted
    version: "1.0.8"
  drudge:
    description:
      ref: HEAD
      resolved-ref: f2c97495bf9ac8e0e9c4770c825c5171e342df82
      url: "git://github.com/patefacio/drudge"
    source: git
    version: "0.0.1"
  ebisu:
    description:
      ref: HEAD
      resolved-ref: "2a2e22d8be9e5d7c6c4d5aa598885c7f3ebd9948"
      url: "git://github.com/patefacio/ebisu"
    source: git
    version: "0.7.10"
  ebisu_ang:
    description:
      ref: HEAD
      resolved-ref: b1236b22731e3654b04d4a4a74999fb200101f32
      url: "https://github.com/patefacio/ebisu_ang"
    source: git
    version: "0.0.1"
  ebisu_cpp:
    description:
      name: ebisu_cpp
      url: "https://pub.dartlang.org"
    source: hosted
    version: "0.3.25"
  ebisu_pod:
    description:
      ref: HEAD
      resolved-ref: c954b1a6b013176489500b1fa16edff081982c75
      url: "git://github.com/patefacio/ebisu_pod"
    source: git
    version: "0.0.11"
  ebisu_rs:
    description:
      ref: HEAD
      resolved-ref: "12943648992841ae8cc145cf387d0b0defc8fc49"
      url: "git://github.com/patefacio/ebisu_rs"
    source: git
    version: "0.0.0"
  front_end:
    description:
      name: front_end
      url: "https://pub.dartlang.org"
    source: hosted
    version: "0.1.0-alpha.4.1"
  glob:
    description:
      name: glob
      url: "https://pub.dartlang.org"
    source: hosted
    version: "1.1.5"
  html:
    description:
      name: html
      url: "https://pub.dartlang.org"
    source: hosted
    version: "0.13.2"
  id:
    description:
      name: id
      url: "https://pub.dartlang.org"
    source: hosted
    version: "1.0.16"
  ini:
    description:
      name: ini
      url: "https://pub.dartlang.org"
    source: hosted
    version: "1.1.0"
  isolate:
    description:
      name: isolate
      url: "https://pub.dartlang.org"
    source: hosted
    version: "1.1.0"
  kernel:
    description:
      name: kernel
      url: "https://pub.dartlang.org"
    source: hosted
    version: "0.3.0-alpha.1.1"
  logging:
    description:
      name: logging
      url: "https://pub.dartlang.org"
    source: hosted
    version: "0.11.3+1"
  matcher:
    description:
      name: matcher
      url: "https://pub.dartlang.org"
    source: hosted
    version: "0.12.1+4"
  meta:
    description:
      name: meta
      url: "https://pub.dartlang.org"
    source: hosted
    version: "1.1.2"
  package_config:
    description:
      name: package_config
      url: "https://pub.dartlang.org"
    source: hosted
    version: "1.0.3"
  path:
    description:
      name: path
      url: "https://pub.dartlang.org"
    source: hosted
    version: "1.4.2"
  petitparser:
    description:
      name: petitparser
      url: "https://pub.dartlang.org"
    source: hosted
    version: "1.6.1"
  plugin:
    description:
      name: plugin
      url: "https://pub.dartlang.org"
    source: hosted
    version: "0.2.0+2"
  quiver:
    description:
      name: quiver
      url: "https://pub.dartlang.org"
    source: hosted
    version: "0.24.0"
  source_span:
    description:
      name: source_span
      url: "https://pub.dartlang.org"
    source: hosted
    version: "1.4.0"
  stack_trace:
    description:
      name: stack_trace
      url: "https://pub.dartlang.org"
    source: hosted
    version: "1.7.4"
  string_scanner:
    description:
      name: string_scanner
      url: "https://pub.dartlang.org"
    source: hosted
    version: "1.0.2"
  typed_data:
    description:
      name: typed_data
      url: "https://pub.dartlang.org"
    source: hosted
    version: "1.1.5"
  utf:
    description:
      name: utf
      url: "https://pub.dartlang.org"
    source: hosted
    version: "0.9.0+3"
  watcher:
    description:
      name: watcher
      url: "https://pub.dartlang.org"
    source: hosted
    version: "0.9.7+4"
  yaml:
    description:
      name: yaml
      url: "https://pub.dartlang.org"
    source: hosted
    version: "2.1.13"
sdks:
  dart: ">=1.23.0 <2.0.0"
